
Microsoft Visual Studio Solution File, Format Version 12.00
# Visual Studio Version 16
VisualStudioVersion = 16.0.31410.357
MinimumVisualStudioVersion = 10.0.40219.1
Project("{FAE04EC0-301F-11D3-BF4B-00C04F79EFBC}") = "api", "api\api.csproj", "{4E3395E9-839D-404D-BE6B-0F92D42E5638}"
EndProject
Project("{FAE04EC0-301F-11D3-BF4B-00C04F79EFBC}") = "apiTest", "apiTest\apiTest.csproj", "{4AF3062C-B562-41CF-B130-D25EF432C087}"
	ProjectSection(ProjectDependencies) = postProject
		{4E3395E9-839D-404D-BE6B-0F92D42E5638} = {4E3395E9-839D-404D-BE6B-0F92D42E5638}
	EndProjectSection
EndProject
Global
	GlobalSection(SolutionConfigurationPlatforms) = preSolution
		Debug|Any CPU = Debug|Any CPU
		Release|Any CPU = Release|Any CPU
	EndGlobalSection
	GlobalSection(ProjectConfigurationPlatforms) = postSolution
		{4E3395E9-839D-404D-BE6B-0F92D42E5638}.Debug|Any CPU.ActiveCfg = Debug|Any CPU
		{4E3395E9-839D-404D-BE6B-0F92D42E5638}.Debug|Any CPU.Build.0 = Debug|Any CPU
		{4E3395E9-839D-404D-BE6B-0F92D42E5638}.Release|Any CPU.ActiveCfg = Release|Any CPU
		{4E3395E9-839D-404D-BE6B-0F92D42E5638}.Release|Any CPU.Build.0 = Release|Any CPU
		{4AF3062C-B562-41CF-B130-D25EF432C087}.Debug|Any CPU.ActiveCfg = Debug|Any CPU
		{4AF3062C-B562-41CF-B130-D25EF432C087}.Debug|Any CPU.Build.0 = Debug|Any CPU
		{4AF3062C-B562-41CF-B130-D25EF432C087}.Release|Any CPU.ActiveCfg = Release|Any CPU
		{4AF3062C-B562-41CF-B130-D25EF432C087}.Release|Any CPU.Build.0 = Release|Any CPU
	EndGlobalSection
	GlobalSection(SolutionProperties) = preSolution
		HideSolutionNode = FALSE
	EndGlobalSection
	GlobalSection(ExtensibilityGlobals) = postSolution
		SolutionGuid = {54771B4A-1B1C-4DBC-A307-02A80F3D2A8B}
	EndGlobalSection
EndGlobal
